
Microsoft Visual Studio Solution File, Format Version 12.00
# Visual Studio Version 16
VisualStudioVersion = 16.0.30320.27
MinimumVisualStudioVersion = 10.0.40219.1
Project("{FAE04EC0-301F-11D3-BF4B-00C04F79EFBC}") = "MinecraftDeathPenalty", "MinecraftDeathPenalty\MinecraftDeathPenalty.csproj", "{6257008B-B463-41C4-8911-785C06881E0B}"
EndProject
Global
	GlobalSection(SolutionConfigurationPlatforms) = preSolution
		Debug|Any CPU = Debug|Any CPU
		Release|Any CPU = Release|Any CPU
	EndGlobalSection
	GlobalSection(ProjectConfigurationPlatforms) = postSolution
		{6257008B-B463-41C4-8911-785C06881E0B}.Debug|Any CPU.ActiveCfg = Debug|Any CPU
		{6257008B-B463-41C4-8911-785C06881E0B}.Debug|Any CPU.Build.0 = Debug|Any CPU
		{6257008B-B463-41C4-8911-785C06881E0B}.Release|Any CPU.ActiveCfg = Release|Any CPU
		{6257008B-B463-41C4-8911-785C06881E0B}.Release|Any CPU.Build.0 = Release|Any CPU
	EndGlobalSection
	GlobalSection(SolutionProperties) = preSolution
		HideSolutionNode = FALSE
	EndGlobalSection
	GlobalSection(ExtensibilityGlobals) = postSolution
		SolutionGuid = {FA815540-82AA-47E3-94F5-A6DF3AE8ECEF}
	EndGlobalSection
EndGlobal
